
Microsoft Visual Studio Solution File, Format Version 12.00
# Visual Studio for Mac
Project("{FAE04EC0-301F-11D3-BF4B-00C04F79EFBC}") = "Decoder", "Assembly-CSharp.csproj", "{D77E54FD-F579-B45D-142D-DED9E3E920D8}"
EndProject
Global
	GlobalSection(SolutionConfigurationPlatforms) = preSolution
		Debug|Any CPU = Debug|Any CPU
		Release|Any CPU = Release|Any CPU
	EndGlobalSection
	GlobalSection(ProjectConfigurationPlatforms) = postSolution
		{D77E54FD-F579-B45D-142D-DED9E3E920D8}.Debug|Any CPU.ActiveCfg = Debug|Any CPU
		{D77E54FD-F579-B45D-142D-DED9E3E920D8}.Debug|Any CPU.Build.0 = Debug|Any CPU
		{D77E54FD-F579-B45D-142D-DED9E3E920D8}.Release|Any CPU.ActiveCfg = Release|Any CPU
		{D77E54FD-F579-B45D-142D-DED9E3E920D8}.Release|Any CPU.Build.0 = Release|Any CPU
	EndGlobalSection
	GlobalSection(SolutionProperties) = preSolution
		HideSolutionNode = FALSE
	EndGlobalSection
EndGlobal
